<Solution>
  <Folder Name="/HWMonCli/">
    <Project Path=".\HWMonCli\Rvl.Display.HWMonCli.csproj" />
  </Folder>
  <Folder Name="/Cli/">
    <Project Path=".\Cli\Rvl.Display.Cli.csproj" />
  </Folder>
  <Folder Name="/Core/">
    <Project Path=".\Core\Rvl.Display.Core.csproj" />
  </Folder>
  <Folder Name="/Service/">
    <Project Path=".\Service\Rvl.Display.Service.csproj" />
  </Folder>
</Solution>
